PODS:
  - ViroKit (1.0):
    - React
  - ViroKit_static_lib (1.0)

DEPENDENCIES:
  - ViroKit (from `../../../ios/dist/ViroRenderer`)
  - ViroKit_static_lib (from `../../../ios/dist/ViroRenderer/static_lib`)

SPEC REPOS:

EXTERNAL SOURCES:
  ViroKit:
    :path: "../../../ios/dist/ViroRenderer"
  ViroKit_static_lib:
    :path: "../../../ios/dist/ViroRenderer/static_lib"

SPEC CHECKSUMS:

PODFILE CHECKSUM: e20c05dd4be03b21cb7be1498d983113486e3890

COCOAPODS: 1.9.1
